Microsoft Visual Studio Solution File, Format Version 12.00
# Visual Studio Version 17
VisualStudioVersion = 17.9.34622.214
MinimumVisualStudioVersion = 10.0.40219.1
Project("{8BC9CEB8-8B4A-11D0-8D11-00A0C91BC942}") = "Application", "Intermediate\ProjectFiles\Application.vcxproj", "{E498749F-3C42-346D-90B1-5C81C101D988}"
EndProject
Project("{8BC9CEB8-8B4A-11D0-8D11-00A0C91BC942}") = "Contents", "Intermediate\ProjectFiles\Contents.vcxproj", "{C1DF1DA7-A1CE-305A-BB60-AF9D5733AC1D}"
EndProject
Project("{8BC9CEB8-8B4A-11D0-8D11-00A0C91BC942}") = "Core", "Intermediate\ProjectFiles\Core.vcxproj", "{83168E6C-B289-3732-8C78-427B51F93153}"
EndProject
Project("{8BC9CEB8-8B4A-11D0-8D11-00A0C91BC942}") = "Engine", "Intermediate\ProjectFiles\Engine.vcxproj", "{7BFA3072-1C5E-326F-B17E-3F972237A82C}"
EndProject
Project("{8BC9CEB8-8B4A-11D0-8D11-00A0C91BC942}") = "Renderer", "Intermediate\ProjectFiles\Renderer.vcxproj", "{07B20AE9-7004-3FC2-802D-756F27ACC863}"
EndProject
Global
	GlobalSection(SolutionConfigurationPlatforms) = preSolution
		Debug|x64 = Debug|x64
		Release|x64 = Release|x64
	EndGlobalSection
	GlobalSection(ProjectConfigurationPlatforms) = postSolution
		{E498749F-3C42-346D-90B1-5C81C101D988}.Debug|x64.ActiveCfg = Debug|x64
		{E498749F-3C42-346D-90B1-5C81C101D988}.Debug|x64.Build.0 = Debug|x64
		{E498749F-3C42-346D-90B1-5C81C101D988}.Release|x64.ActiveCfg = Release|x64
		{E498749F-3C42-346D-90B1-5C81C101D988}.Release|x64.Build.0 = Release|x64
		{C1DF1DA7-A1CE-305A-BB60-AF9D5733AC1D}.Debug|x64.ActiveCfg = Debug|x64
		{C1DF1DA7-A1CE-305A-BB60-AF9D5733AC1D}.Debug|x64.Build.0 = Debug|x64
		{C1DF1DA7-A1CE-305A-BB60-AF9D5733AC1D}.Release|x64.ActiveCfg = Release|x64
		{C1DF1DA7-A1CE-305A-BB60-AF9D5733AC1D}.Release|x64.Build.0 = Release|x64
		{83168E6C-B289-3732-8C78-427B51F93153}.Debug|x64.ActiveCfg = Debug|x64
		{83168E6C-B289-3732-8C78-427B51F93153}.Debug|x64.Build.0 = Debug|x64
		{83168E6C-B289-3732-8C78-427B51F93153}.Release|x64.ActiveCfg = Release|x64
		{83168E6C-B289-3732-8C78-427B51F93153}.Release|x64.Build.0 = Release|x64
		{7BFA3072-1C5E-326F-B17E-3F972237A82C}.Debug|x64.ActiveCfg = Debug|x64
		{7BFA3072-1C5E-326F-B17E-3F972237A82C}.Debug|x64.Build.0 = Debug|x64
		{7BFA3072-1C5E-326F-B17E-3F972237A82C}.Release|x64.ActiveCfg = Release|x64
		{7BFA3072-1C5E-326F-B17E-3F972237A82C}.Release|x64.Build.0 = Release|x64
		{07B20AE9-7004-3FC2-802D-756F27ACC863}.Debug|x64.ActiveCfg = Debug|x64
		{07B20AE9-7004-3FC2-802D-756F27ACC863}.Debug|x64.Build.0 = Debug|x64
		{07B20AE9-7004-3FC2-802D-756F27ACC863}.Release|x64.ActiveCfg = Release|x64
		{07B20AE9-7004-3FC2-802D-756F27ACC863}.Release|x64.Build.0 = Release|x64
	EndGlobalSection
	GlobalSection(SolutionProperties) = preSolution
		HideSolutionNode = FALSE
	EndGlobalSection
	GlobalSection(ExtensibilityGlobals) = postSolution
		SolutionGuid = {FBB33CB4-AD65-4F24-B309-B8CAA292F9F1}
	EndGlobalSection
EndGlobal
